
Microsoft Visual Studio Solution File, Format Version 12.00
# Visual Studio Version 17
VisualStudioVersion = 17.11.35327.3
MinimumVisualStudioVersion = 10.0.40219.1
Project("{9A19103F-16F7-4668-BE54-9A1E7A4F7556}") = "BurguerAndBeer.Mobile", "BurguerAndBeer.Mobile\BurguerAndBeer.Mobile.csproj", "{0CEBF569-4717-4F1E-B5A4-301D0853E342}"
	ProjectSection(ProjectDependencies) = postProject
		{DBB68980-090C-45CA-996D-2CD8AE655BF6} = {DBB68980-090C-45CA-996D-2CD8AE655BF6}
	EndProjectSection
EndProject
Project("{9A19103F-16F7-4668-BE54-9A1E7A4F7556}") = "BurguerAndBeer.Shared", "BurguerAndBeer.Shared\BurguerAndBeer.Shared.csproj", "{DBB68980-090C-45CA-996D-2CD8AE655BF6}"
EndProject
Project("{9A19103F-16F7-4668-BE54-9A1E7A4F7556}") = "BurguerAndBeer.Api", "BurguerAndBeer.Api\BurguerAndBeer.Api.csproj", "{FDDC6A5C-6DE4-4D94-94A3-0020A50BD6FB}"
	ProjectSection(ProjectDependencies) = postProject
		{DBB68980-090C-45CA-996D-2CD8AE655BF6} = {DBB68980-090C-45CA-996D-2CD8AE655BF6}
	EndProjectSection
EndProject
Global
	GlobalSection(SolutionConfigurationPlatforms) = preSolution
		Debug|Any CPU = Debug|Any CPU
		Release|Any CPU = Release|Any CPU
	EndGlobalSection
	GlobalSection(ProjectConfigurationPlatforms) = postSolution
		{0CEBF569-4717-4F1E-B5A4-301D0853E342}.Debug|Any CPU.ActiveCfg = Debug|Any CPU
		{0CEBF569-4717-4F1E-B5A4-301D0853E342}.Debug|Any CPU.Build.0 = Debug|Any CPU
		{0CEBF569-4717-4F1E-B5A4-301D0853E342}.Debug|Any CPU.Deploy.0 = Debug|Any CPU
		{0CEBF569-4717-4F1E-B5A4-301D0853E342}.Release|Any CPU.ActiveCfg = Release|Any CPU
		{0CEBF569-4717-4F1E-B5A4-301D0853E342}.Release|Any CPU.Build.0 = Release|Any CPU
		{0CEBF569-4717-4F1E-B5A4-301D0853E342}.Release|Any CPU.Deploy.0 = Release|Any CPU
		{DBB68980-090C-45CA-996D-2CD8AE655BF6}.Debug|Any CPU.ActiveCfg = Debug|Any CPU
		{DBB68980-090C-45CA-996D-2CD8AE655BF6}.Debug|Any CPU.Build.0 = Debug|Any CPU
		{DBB68980-090C-45CA-996D-2CD8AE655BF6}.Release|Any CPU.ActiveCfg = Release|Any CPU
		{DBB68980-090C-45CA-996D-2CD8AE655BF6}.Release|Any CPU.Build.0 = Release|Any CPU
		{FDDC6A5C-6DE4-4D94-94A3-0020A50BD6FB}.Debug|Any CPU.ActiveCfg = Debug|Any CPU
		{FDDC6A5C-6DE4-4D94-94A3-0020A50BD6FB}.Debug|Any CPU.Build.0 = Debug|Any CPU
		{FDDC6A5C-6DE4-4D94-94A3-0020A50BD6FB}.Release|Any CPU.ActiveCfg = Release|Any CPU
		{FDDC6A5C-6DE4-4D94-94A3-0020A50BD6FB}.Release|Any CPU.Build.0 = Release|Any CPU
	EndGlobalSection
	GlobalSection(SolutionProperties) = preSolution
		HideSolutionNode = FALSE
	EndGlobalSection
	GlobalSection(ExtensibilityGlobals) = postSolution
		SolutionGuid = {8BFF9D4A-7C8D-4336-B741-06CF22F13908}
	EndGlobalSection
EndGlobal
